
Microsoft Visual Studio Solution File, Format Version 12.00
# Visual Studio Version 17
VisualStudioVersion = 17.3.32819.101
MinimumVisualStudioVersion = 10.0.40219.1
Project("{9A19103F-16F7-4668-BE54-9A1E7A4F7556}") = "mediaViewer", "IcomMediaDisplay\mediaViewer.csproj", "{DB6B35B9-D3AC-4FC6-A084-7646D1AE9014}"
EndProject
Global
	GlobalSection(SolutionConfigurationPlatforms) = preSolution
		Debug|Any CPU = Debug|Any CPU
		Release|Any CPU = Release|Any CPU
	EndGlobalSection
	GlobalSection(ProjectConfigurationPlatforms) = postSolution
		{DB6B35B9-D3AC-4FC6-A084-7646D1AE9014}.Debug|Any CPU.ActiveCfg = Debug|Any CPU
		{DB6B35B9-D3AC-4FC6-A084-7646D1AE9014}.Debug|Any CPU.Build.0 = Debug|Any CPU
		{DB6B35B9-D3AC-4FC6-A084-7646D1AE9014}.Release|Any CPU.ActiveCfg = Release|x64
		{DB6B35B9-D3AC-4FC6-A084-7646D1AE9014}.Release|Any CPU.Build.0 = Release|x64
	EndGlobalSection
	GlobalSection(SolutionProperties) = preSolution
		HideSolutionNode = FALSE
	EndGlobalSection
	GlobalSection(ExtensibilityGlobals) = postSolution
		SolutionGuid = {8D2F004D-CC38-4C74-97D0-3A61B78071E9}
	EndGlobalSection
EndGlobal
